
Microsoft Visual Studio Solution File, Format Version 12.00
# Visual Studio Version 17
VisualStudioVersion = 17.13.35828.75
MinimumVisualStudioVersion = 10.0.40219.1
Project("{FAE04EC0-301F-11D3-BF4B-00C04F79EFBC}") = "Domain", "Domain\Domain.csproj", "{E0A886F5-F8C5-4CB2-92C2-E30775CC862A}"
EndProject
Project("{FAE04EC0-301F-11D3-BF4B-00C04F79EFBC}") = "Application", "Application\Application.csproj", "{4AD58E8B-5617-433B-8008-9B7588DD2983}"
EndProject
Project("{FAE04EC0-301F-11D3-BF4B-00C04F79EFBC}") = "AccountAPI", "AccountAPI\AccountAPI.csproj", "{AA2B6C7C-0E52-4AC9-981C-0AA60FB894AF}"
EndProject
Project("{FAE04EC0-301F-11D3-BF4B-00C04F79EFBC}") = "Infrastructure", "Infrastructure\Infrastructure.csproj", "{CEB40DF5-F4F5-4D54-9B9C-BFAF1D734BA0}"
EndProject
Project("{2150E333-8FDC-42A3-9474-1A3956D46DE8}") = "DomainFolder", "DomainFolder", "{02EA681E-C7D8-13C7-8484-4AC65E1B71E8}"
EndProject
Project("{2150E333-8FDC-42A3-9474-1A3956D46DE8}") = "ApplicationFolder", "ApplicationFolder", "{0DE19B14-BE62-4AF7-B14C-4E5D6FBEF6AF}"
EndProject
Project("{2150E333-8FDC-42A3-9474-1A3956D46DE8}") = "PresentationFolder", "PresentationFolder", "{08F66E51-23D6-4CCA-ACB5-B40040AFDD9B}"
EndProject
Project("{2150E333-8FDC-42A3-9474-1A3956D46DE8}") = "API", "API", "{073C41A0-1D6B-47D1-8A46-EBF6C07E8C60}"
EndProject
Project("{54A90642-561A-4BB1-A94E-469ADEE60C69}") = "banking_frontend.client", "Banking_FrontEnd\banking_frontend.client\banking_frontend.client.esproj", "{776A7D6E-8F7A-A54D-8B74-6978596D1492}"
EndProject
Project("{FAE04EC0-301F-11D3-BF4B-00C04F79EFBC}") = "Banking_FrontEnd.Server", "Banking_FrontEnd\Banking_FrontEnd.Server\Banking_FrontEnd.Server.csproj", "{3F8B4C82-41A9-43ED-A65C-07232BFBFBFF}"
EndProject
Global
	GlobalSection(SolutionConfigurationPlatforms) = preSolution
		Debug|Any CPU = Debug|Any CPU
		Release|Any CPU = Release|Any CPU
	EndGlobalSection
	GlobalSection(ProjectConfigurationPlatforms) = postSolution
		{E0A886F5-F8C5-4CB2-92C2-E30775CC862A}.Debug|Any CPU.ActiveCfg = Debug|Any CPU
		{E0A886F5-F8C5-4CB2-92C2-E30775CC862A}.Debug|Any CPU.Build.0 = Debug|Any CPU
		{E0A886F5-F8C5-4CB2-92C2-E30775CC862A}.Release|Any CPU.ActiveCfg = Release|Any CPU
		{E0A886F5-F8C5-4CB2-92C2-E30775CC862A}.Release|Any CPU.Build.0 = Release|Any CPU
		{4AD58E8B-5617-433B-8008-9B7588DD2983}.Debug|Any CPU.ActiveCfg = Debug|Any CPU
		{4AD58E8B-5617-433B-8008-9B7588DD2983}.Debug|Any CPU.Build.0 = Debug|Any CPU
		{4AD58E8B-5617-433B-8008-9B7588DD2983}.Release|Any CPU.ActiveCfg = Release|Any CPU
		{4AD58E8B-5617-433B-8008-9B7588DD2983}.Release|Any CPU.Build.0 = Release|Any CPU
		{AA2B6C7C-0E52-4AC9-981C-0AA60FB894AF}.Debug|Any CPU.ActiveCfg = Debug|Any CPU
		{AA2B6C7C-0E52-4AC9-981C-0AA60FB894AF}.Debug|Any CPU.Build.0 = Debug|Any CPU
		{AA2B6C7C-0E52-4AC9-981C-0AA60FB894AF}.Release|Any CPU.ActiveCfg = Release|Any CPU
		{AA2B6C7C-0E52-4AC9-981C-0AA60FB894AF}.Release|Any CPU.Build.0 = Release|Any CPU
		{CEB40DF5-F4F5-4D54-9B9C-BFAF1D734BA0}.Debug|Any CPU.ActiveCfg = Debug|Any CPU
		{CEB40DF5-F4F5-4D54-9B9C-BFAF1D734BA0}.Debug|Any CPU.Build.0 = Debug|Any CPU
		{CEB40DF5-F4F5-4D54-9B9C-BFAF1D734BA0}.Release|Any CPU.ActiveCfg = Release|Any CPU
		{CEB40DF5-F4F5-4D54-9B9C-BFAF1D734BA0}.Release|Any CPU.Build.0 = Release|Any CPU
		{776A7D6E-8F7A-A54D-8B74-6978596D1492}.Debug|Any CPU.ActiveCfg = Debug|Any CPU
		{776A7D6E-8F7A-A54D-8B74-6978596D1492}.Debug|Any CPU.Build.0 = Debug|Any CPU
		{776A7D6E-8F7A-A54D-8B74-6978596D1492}.Debug|Any CPU.Deploy.0 = Debug|Any CPU
		{776A7D6E-8F7A-A54D-8B74-6978596D1492}.Release|Any CPU.ActiveCfg = Release|Any CPU
		{776A7D6E-8F7A-A54D-8B74-6978596D1492}.Release|Any CPU.Build.0 = Release|Any CPU
		{776A7D6E-8F7A-A54D-8B74-6978596D1492}.Release|Any CPU.Deploy.0 = Release|Any CPU
		{3F8B4C82-41A9-43ED-A65C-07232BFBFBFF}.Debug|Any CPU.ActiveCfg = Debug|Any CPU
		{3F8B4C82-41A9-43ED-A65C-07232BFBFBFF}.Debug|Any CPU.Build.0 = Debug|Any CPU
		{3F8B4C82-41A9-43ED-A65C-07232BFBFBFF}.Release|Any CPU.ActiveCfg = Release|Any CPU
		{3F8B4C82-41A9-43ED-A65C-07232BFBFBFF}.Release|Any CPU.Build.0 = Release|Any CPU
	EndGlobalSection
	GlobalSection(SolutionProperties) = preSolution
		HideSolutionNode = FALSE
	EndGlobalSection
	GlobalSection(NestedProjects) = preSolution
		{E0A886F5-F8C5-4CB2-92C2-E30775CC862A} = {02EA681E-C7D8-13C7-8484-4AC65E1B71E8}
		{4AD58E8B-5617-433B-8008-9B7588DD2983} = {0DE19B14-BE62-4AF7-B14C-4E5D6FBEF6AF}
		{AA2B6C7C-0E52-4AC9-981C-0AA60FB894AF} = {073C41A0-1D6B-47D1-8A46-EBF6C07E8C60}
		{CEB40DF5-F4F5-4D54-9B9C-BFAF1D734BA0} = {0DE19B14-BE62-4AF7-B14C-4E5D6FBEF6AF}
		{776A7D6E-8F7A-A54D-8B74-6978596D1492} = {08F66E51-23D6-4CCA-ACB5-B40040AFDD9B}
		{3F8B4C82-41A9-43ED-A65C-07232BFBFBFF} = {08F66E51-23D6-4CCA-ACB5-B40040AFDD9B}
	EndGlobalSection
	GlobalSection(ExtensibilityGlobals) = postSolution
		SolutionGuid = {9A8C1D05-016E-48E9-9668-2EF6ADE66A0B}
	EndGlobalSection
EndGlobal
